# This file was autogenerated by Stack.
# You should not edit this file by hand.
# For more information, please see the documentation at:
#   https://docs.haskellstack.org/en/stable/lock_files

packages:
- completed:
    cabal-file:
      size: 2153
      sha256: 67f01fa4dd198efee93fe445dcc574447b23aa7d980aa216e68d6ea4db874c64
    name: AppM
    version: 0.1.0.0
    git: https://github.com/ppzzppz/AppM.git
    pantry-tree:
      size: 1235
      sha256: afa3d63c809618790c2042e01e198c468f6c9d6a61820ec13b13983007eb2daa
    commit: 8291c6f89877eeea0748251c29147eb5769437de
  original:
    git: https://github.com/ppzzppz/AppM.git
    commit: 8291c6f89877eeea0748251c29147eb5769437de
snapshots:
- completed:
    size: 532380
    url: https://raw.githubusercontent.com/commercialhaskell/stackage-snapshots/master/lts/16/9.yaml
    sha256: 14a7cec114424e4286adde73364438927a553ed248cc50f069a30a67e3ee1e69
  original: lts-16.9
